{
  "name": "killrvideo-web-client",
  "version": "0.0.0",
  "dependencies": {
    "acorn": {
      "version": "1.2.2",
      "from": "acorn@>=1.0.3 <2.0.0",
      "resolved": "https://registry.npmjs.org/acorn/-/acorn-1.2.2.tgz"
    },
    "after": {
      "version": "0.8.1",
      "from": "after@0.8.1",
      "resolved": "https://registry.npmjs.org/after/-/after-0.8.1.tgz"
    },
    "amdefine": {
      "version": "1.0.0",
      "from": "amdefine@>=0.0.4",
      "resolved": "https://registry.npmjs.org/amdefine/-/amdefine-1.0.0.tgz"
    },
    "arraybuffer.slice": {
      "version": "0.0.6",
      "from": "arraybuffer.slice@0.0.6",
      "resolved": "https://registry.npmjs.org/arraybuffer.slice/-/arraybuffer.slice-0.0.6.tgz"
    },
    "asap": {
      "version": "2.0.3",
      "from": "asap@2.0.3",
      "resolved": "https://registry.npmjs.org/asap/-/asap-2.0.3.tgz"
    },
    "ast-types": {
      "version": "0.8.15",
      "from": "ast-types@0.8.15",
      "resolved": "https://registry.npmjs.org/ast-types/-/ast-types-0.8.15.tgz"
    },
    "attr-accept": {
      "version": "1.0.3",
      "from": "attr-accept@>=1.0.3 <2.0.0",
      "resolved": "https://registry.npmjs.org/attr-accept/-/attr-accept-1.0.3.tgz"
    },
    "babel-runtime": {
      "version": "5.8.38",
      "from": "babel-runtime@>=5.8.25 <6.0.0",
      "resolved": "https://registry.npmjs.org/babel-runtime/-/babel-runtime-5.8.38.tgz"
    },
    "backo2": {
      "version": "1.0.2",
      "from": "backo2@1.0.2",
      "resolved": "https://registry.npmjs.org/backo2/-/backo2-1.0.2.tgz"
    },
    "balanced-match": {
      "version": "0.4.2",
      "from": "balanced-match@>=0.4.1 <0.5.0",
      "resolved": "https://registry.npmjs.org/balanced-match/-/balanced-match-0.4.2.tgz"
    },
    "base62": {
      "version": "1.1.1",
      "from": "base62@>=1.1.0 <2.0.0",
      "resolved": "https://registry.npmjs.org/base62/-/base62-1.1.1.tgz"
    },
    "base64-arraybuffer": {
      "version": "0.1.2",
      "from": "base64-arraybuffer@0.1.2",
      "resolved": "https://registry.npmjs.org/base64-arraybuffer/-/base64-arraybuffer-0.1.2.tgz"
    },
    "benchmark": {
      "version": "1.0.0",
      "from": "benchmark@1.0.0",
      "resolved": "https://registry.npmjs.org/benchmark/-/benchmark-1.0.0.tgz"
    },
    "better-assert": {
      "version": "1.0.2",
      "from": "better-assert@>=1.0.0 <1.1.0",
      "resolved": "https://registry.npmjs.org/better-assert/-/better-assert-1.0.2.tgz"
    },
    "blob": {
      "version": "0.0.4",
      "from": "blob@0.0.4",
      "resolved": "https://registry.npmjs.org/blob/-/blob-0.0.4.tgz"
    },
    "bluebird": {
      "version": "3.4.1",
      "from": "bluebird@>=3.4.1 <4.0.0",
      "resolved": "https://registry.npmjs.org/bluebird/-/bluebird-3.4.1.tgz"
    },
    "bootstrap": {
      "version": "3.3.7",
      "from": "bootstrap@>=3.3.6 <4.0.0",
      "resolved": "https://registry.npmjs.org/bootstrap/-/bootstrap-3.3.7.tgz"
    },
    "bootswatch": {
      "version": "3.3.7",
      "from": "bootswatch@>=3.3.6 <4.0.0",
      "resolved": "https://registry.npmjs.org/bootswatch/-/bootswatch-3.3.7.tgz"
    },
    "brace-expansion": {
      "version": "1.1.6",
      "from": "brace-expansion@>=1.0.0 <2.0.0",
      "resolved": "https://registry.npmjs.org/brace-expansion/-/brace-expansion-1.1.6.tgz"
    },
    "callsite": {
      "version": "1.0.0",
      "from": "callsite@1.0.0",
      "resolved": "https://registry.npmjs.org/callsite/-/callsite-1.0.0.tgz"
    },
    "charenc": {
      "version": "0.0.1",
      "from": "charenc@>=0.0.1 <0.1.0",
      "resolved": "https://registry.npmjs.org/charenc/-/charenc-0.0.1.tgz"
    },
    "classnames": {
      "version": "2.2.5",
      "from": "classnames@>=2.2.3 <3.0.0",
      "resolved": "https://registry.npmjs.org/classnames/-/classnames-2.2.5.tgz"
    },
    "commander": {
      "version": "2.9.0",
      "from": "commander@>=2.5.0 <3.0.0",
      "resolved": "https://registry.npmjs.org/commander/-/commander-2.9.0.tgz"
    },
    "commoner": {
      "version": "0.10.4",
      "from": "commoner@>=0.10.1 <0.11.0",
      "resolved": "https://registry.npmjs.org/commoner/-/commoner-0.10.4.tgz"
    },
    "component-bind": {
      "version": "1.0.0",
      "from": "component-bind@1.0.0",
      "resolved": "https://registry.npmjs.org/component-bind/-/component-bind-1.0.0.tgz"
    },
    "component-emitter": {
      "version": "1.2.0",
      "from": "component-emitter@1.2.0",
      "resolved": "https://registry.npmjs.org/component-emitter/-/component-emitter-1.2.0.tgz"
    },
    "component-inherit": {
      "version": "0.0.3",
      "from": "component-inherit@0.0.3",
      "resolved": "https://registry.npmjs.org/component-inherit/-/component-inherit-0.0.3.tgz"
    },
    "concat-map": {
      "version": "0.0.1",
      "from": "concat-map@0.0.1",
      "resolved": "https://registry.npmjs.org/concat-map/-/concat-map-0.0.1.tgz"
    },
    "core-js": {
      "version": "1.2.7",
      "from": "core-js@>=1.0.0 <2.0.0",
      "resolved": "https://registry.npmjs.org/core-js/-/core-js-1.2.7.tgz"
    },
    "crypt": {
      "version": "0.0.1",
      "from": "crypt@>=0.0.1 <0.1.0",
      "resolved": "https://registry.npmjs.org/crypt/-/crypt-0.0.1.tgz"
    },
    "debug": {
      "version": "2.2.0",
      "from": "debug@2.2.0",
      "resolved": "https://registry.npmjs.org/debug/-/debug-2.2.0.tgz"
    },
    "deep-equal": {
      "version": "1.0.1",
      "from": "deep-equal@>=1.0.0 <2.0.0",
      "resolved": "https://registry.npmjs.org/deep-equal/-/deep-equal-1.0.1.tgz"
    },
    "defined": {
      "version": "1.0.0",
      "from": "defined@>=1.0.0 <2.0.0",
      "resolved": "https://registry.npmjs.org/defined/-/defined-1.0.0.tgz"
    },
    "detective": {
      "version": "4.3.1",
      "from": "detective@>=4.3.1 <5.0.0",
      "resolved": "https://registry.npmjs.org/detective/-/detective-4.3.1.tgz"
    },
    "dom-helpers": {
      "version": "2.4.0",
      "from": "dom-helpers@>=2.4.0 <3.0.0",
      "resolved": "https://registry.npmjs.org/dom-helpers/-/dom-helpers-2.4.0.tgz"
    },
    "dom-walk": {
      "version": "0.1.1",
      "from": "dom-walk@>=0.1.0 <0.2.0",
      "resolved": "https://registry.npmjs.org/dom-walk/-/dom-walk-0.1.1.tgz"
    },
    "engine.io-client": {
      "version": "1.6.11",
      "from": "engine.io-client@1.6.11",
      "resolved": "https://registry.npmjs.org/engine.io-client/-/engine.io-client-1.6.11.tgz",
      "dependencies": {
        "component-emitter": {
          "version": "1.1.2",
          "from": "component-emitter@1.1.2",
          "resolved": "https://registry.npmjs.org/component-emitter/-/component-emitter-1.1.2.tgz"
        }
      }
    },
    "engine.io-parser": {
      "version": "1.2.4",
      "from": "engine.io-parser@1.2.4",
      "resolved": "https://registry.npmjs.org/engine.io-parser/-/engine.io-parser-1.2.4.tgz",
      "dependencies": {
        "has-binary": {
          "version": "0.1.6",
          "from": "has-binary@0.1.6",
          "resolved": "https://registry.npmjs.org/has-binary/-/has-binary-0.1.6.tgz"
        }
      }
    },
    "envify": {
      "version": "3.4.1",
      "from": "envify@>=3.0.0 <4.0.0",
      "resolved": "https://registry.npmjs.org/envify/-/envify-3.4.1.tgz"
    },
    "esprima-fb": {
      "version": "15001.1.0-dev-harmony-fb",
      "from": "esprima-fb@>=15001.1.0-dev-harmony-fb <15002.0.0",
      "resolved": "https://registry.npmjs.org/esprima-fb/-/esprima-fb-15001.1.0-dev-harmony-fb.tgz"
    },
    "falcor": {
      "version": "0.1.16",
      "from": "falcor@0.1.16",
      "resolved": "https://registry.npmjs.org/falcor/-/falcor-0.1.16.tgz"
    },
    "falcor-http-datasource": {
      "version": "0.1.3",
      "from": "falcor-http-datasource@>=0.1.3 <0.2.0",
      "resolved": "https://registry.npmjs.org/falcor-http-datasource/-/falcor-http-datasource-0.1.3.tgz"
    },
    "falcor-json-graph": {
      "version": "1.1.7",
      "from": "falcor-json-graph@1.1.7",
      "resolved": "https://registry.npmjs.org/falcor-json-graph/-/falcor-json-graph-1.1.7.tgz"
    },
    "falcor-path-syntax": {
      "version": "0.2.4",
      "from": "falcor-path-syntax@0.2.4",
      "resolved": "https://registry.npmjs.org/falcor-path-syntax/-/falcor-path-syntax-0.2.4.tgz"
    },
    "falcor-path-utils": {
      "version": "0.3.4",
      "from": "falcor-path-utils@0.3.4",
      "resolved": "https://registry.npmjs.org/falcor-path-utils/-/falcor-path-utils-0.3.4.tgz"
    },
    "fbjs": {
      "version": "0.6.1",
      "from": "fbjs@>=0.6.1 <0.7.0",
      "resolved": "https://registry.npmjs.org/fbjs/-/fbjs-0.6.1.tgz"
    },
    "flux-standard-action": {
      "version": "0.6.1",
      "from": "flux-standard-action@>=0.6.0 <0.7.0",
      "resolved": "https://registry.npmjs.org/flux-standard-action/-/flux-standard-action-0.6.1.tgz"
    },
    "font-awesome": {
      "version": "4.6.3",
      "from": "font-awesome@>=4.6.1 <5.0.0",
      "resolved": "https://registry.npmjs.org/font-awesome/-/font-awesome-4.6.3.tgz"
    },
    "for-each": {
      "version": "0.3.2",
      "from": "for-each@>=0.3.2 <0.4.0",
      "resolved": "https://registry.npmjs.org/for-each/-/for-each-0.3.2.tgz"
    },
    "gemini-scrollbar": {
      "version": "1.4.3",
      "from": "gemini-scrollbar@>=1.2.9 <2.0.0",
      "resolved": "https://registry.npmjs.org/gemini-scrollbar/-/gemini-scrollbar-1.4.3.tgz"
    },
    "glob": {
      "version": "5.0.15",
      "from": "glob@>=5.0.15 <6.0.0",
      "resolved": "https://registry.npmjs.org/glob/-/glob-5.0.15.tgz"
    },
    "global": {
      "version": "4.3.0",
      "from": "global@>=4.3.0 <4.4.0",
      "resolved": "https://registry.npmjs.org/global/-/global-4.3.0.tgz"
    },
    "graceful-fs": {
      "version": "4.1.5",
      "from": "graceful-fs@>=4.1.2 <5.0.0",
      "resolved": "https://registry.npmjs.org/graceful-fs/-/graceful-fs-4.1.5.tgz"
    },
    "graceful-readlink": {
      "version": "1.0.1",
      "from": "graceful-readlink@>=1.0.0",
      "resolved": "https://registry.npmjs.org/graceful-readlink/-/graceful-readlink-1.0.1.tgz"
    },
    "has-binary": {
      "version": "0.1.7",
      "from": "has-binary@0.1.7",
      "resolved": "https://registry.npmjs.org/has-binary/-/has-binary-0.1.7.tgz"
    },
    "has-cors": {
      "version": "1.1.0",
      "from": "has-cors@1.1.0",
      "resolved": "https://registry.npmjs.org/has-cors/-/has-cors-1.1.0.tgz"
    },
    "history": {
      "version": "2.1.2",
      "from": "history@>=2.1.2 <3.0.0",
      "resolved": "https://registry.npmjs.org/history/-/history-2.1.2.tgz"
    },
    "hoist-non-react-statics": {
      "version": "1.2.0",
      "from": "hoist-non-react-statics@>=1.0.3 <2.0.0",
      "resolved": "https://registry.npmjs.org/hoist-non-react-statics/-/hoist-non-react-statics-1.2.0.tgz"
    },
    "iconv-lite": {
      "version": "0.4.13",
      "from": "iconv-lite@>=0.4.5 <0.5.0",
      "resolved": "https://registry.npmjs.org/iconv-lite/-/iconv-lite-0.4.13.tgz"
    },
    "indexof": {
      "version": "0.0.1",
      "from": "indexof@0.0.1",
      "resolved": "https://registry.npmjs.org/indexof/-/indexof-0.0.1.tgz"
    },
    "inflight": {
      "version": "1.0.5",
      "from": "inflight@>=1.0.4 <2.0.0",
      "resolved": "https://registry.npmjs.org/inflight/-/inflight-1.0.5.tgz"
    },
    "inherits": {
      "version": "2.0.1",
      "from": "inherits@>=2.0.0 <3.0.0",
      "resolved": "https://registry.npmjs.org/inherits/-/inherits-2.0.1.tgz"
    },
    "invariant": {
      "version": "2.2.1",
      "from": "invariant@>=2.1.2 <3.0.0",
      "resolved": "https://registry.npmjs.org/invariant/-/invariant-2.2.1.tgz"
    },
    "is-buffer": {
      "version": "1.1.4",
      "from": "is-buffer@>=1.1.1 <1.2.0",
      "resolved": "https://registry.npmjs.org/is-buffer/-/is-buffer-1.1.4.tgz"
    },
    "is-function": {
      "version": "1.0.1",
      "from": "is-function@>=1.0.1 <2.0.0",
      "resolved": "https://registry.npmjs.org/is-function/-/is-function-1.0.1.tgz"
    },
    "is-promise": {
      "version": "2.1.0",
      "from": "is-promise@>=2.1.0 <3.0.0",
      "resolved": "https://registry.npmjs.org/is-promise/-/is-promise-2.1.0.tgz"
    },
    "isarray": {
      "version": "0.0.1",
      "from": "isarray@0.0.1",
      "resolved": "https://registry.npmjs.org/isarray/-/isarray-0.0.1.tgz"
    },
    "js-tokens": {
      "version": "1.0.3",
      "from": "js-tokens@>=1.0.1 <2.0.0",
      "resolved": "https://registry.npmjs.org/js-tokens/-/js-tokens-1.0.3.tgz"
    },
    "json3": {
      "version": "3.3.2",
      "from": "json3@3.3.2",
      "resolved": "https://registry.npmjs.org/json3/-/json3-3.3.2.tgz"
    },
    "jstransform": {
      "version": "11.0.3",
      "from": "jstransform@>=11.0.3 <12.0.0",
      "resolved": "https://registry.npmjs.org/jstransform/-/jstransform-11.0.3.tgz"
    },
    "jsuri": {
      "version": "1.3.1",
      "from": "jsuri@>=1.3.1 <2.0.0",
      "resolved": "https://registry.npmjs.org/jsuri/-/jsuri-1.3.1.tgz"
    },
    "keycode": {
      "version": "2.1.4",
      "from": "keycode@>=2.1.0 <3.0.0",
      "resolved": "https://registry.npmjs.org/keycode/-/keycode-2.1.4.tgz"
    },
    "load-script": {
      "version": "1.0.0",
      "from": "load-script@>=1.0.0 <2.0.0",
      "resolved": "https://registry.npmjs.org/load-script/-/load-script-1.0.0.tgz"
    },
    "lodash": {
      "version": "4.15.0",
      "from": "lodash@>=4.3.0 <5.0.0",
      "resolved": "https://registry.npmjs.org/lodash/-/lodash-4.15.0.tgz"
    },
    "lodash-compat": {
      "version": "3.10.2",
      "from": "lodash-compat@>=3.10.1 <4.0.0",
      "resolved": "https://registry.npmjs.org/lodash-compat/-/lodash-compat-3.10.2.tgz"
    },
    "lodash-es": {
      "version": "4.15.0",
      "from": "lodash-es@>=4.2.1 <5.0.0",
      "resolved": "https://registry.npmjs.org/lodash-es/-/lodash-es-4.15.0.tgz"
    },
    "lodash._basefor": {
      "version": "3.0.3",
      "from": "lodash._basefor@>=3.0.0 <4.0.0",
      "resolved": "https://registry.npmjs.org/lodash._basefor/-/lodash._basefor-3.0.3.tgz"
    },
    "lodash.isarguments": {
      "version": "3.1.0",
      "from": "lodash.isarguments@>=3.0.0 <4.0.0",
      "resolved": "https://registry.npmjs.org/lodash.isarguments/-/lodash.isarguments-3.1.0.tgz"
    },
    "lodash.isarray": {
      "version": "3.0.4",
      "from": "lodash.isarray@>=3.0.0 <4.0.0",
      "resolved": "https://registry.npmjs.org/lodash.isarray/-/lodash.isarray-3.0.4.tgz"
    },
    "lodash.isplainobject": {
      "version": "3.2.0",
      "from": "lodash.isplainobject@>=3.2.0 <4.0.0",
      "resolved": "https://registry.npmjs.org/lodash.isplainobject/-/lodash.isplainobject-3.2.0.tgz"
    },
    "lodash.keysin": {
      "version": "3.0.8",
      "from": "lodash.keysin@>=3.0.0 <4.0.0",
      "resolved": "https://registry.npmjs.org/lodash.keysin/-/lodash.keysin-3.0.8.tgz"
    },
    "loose-envify": {
      "version": "1.2.0",
      "from": "loose-envify@>=1.0.0 <2.0.0",
      "resolved": "https://registry.npmjs.org/loose-envify/-/loose-envify-1.2.0.tgz"
    },
    "md5": {
      "version": "2.1.0",
      "from": "md5@>=2.0.0 <3.0.0",
      "resolved": "https://registry.npmjs.org/md5/-/md5-2.1.0.tgz"
    },
    "min-document": {
      "version": "2.18.1",
      "from": "min-document@>=2.6.1 <3.0.0",
      "resolved": "https://registry.npmjs.org/min-document/-/min-document-2.18.1.tgz"
    },
    "minimatch": {
      "version": "3.0.3",
      "from": "minimatch@>=2.0.0 <3.0.0||>=3.0.0 <4.0.0",
      "resolved": "https://registry.npmjs.org/minimatch/-/minimatch-3.0.3.tgz"
    },
    "minimist": {
      "version": "0.0.8",
      "from": "minimist@0.0.8",
      "resolved": "https://registry.npmjs.org/minimist/-/minimist-0.0.8.tgz"
    },
    "mkdirp": {
      "version": "0.5.1",
      "from": "mkdirp@>=0.5.0 <0.6.0",
      "resolved": "https://registry.npmjs.org/mkdirp/-/mkdirp-0.5.1.tgz"
    },
    "moment": {
      "version": "2.14.1",
      "from": "moment@>=2.10.6 <3.0.0",
      "resolved": "https://registry.npmjs.org/moment/-/moment-2.14.1.tgz"
    },
    "ms": {
      "version": "0.7.1",
      "from": "ms@0.7.1",
      "resolved": "https://registry.npmjs.org/ms/-/ms-0.7.1.tgz"
    },
    "object-assign": {
      "version": "2.1.1",
      "from": "object-assign@>=2.0.0 <3.0.0",
      "resolved": "https://registry.npmjs.org/object-assign/-/object-assign-2.1.1.tgz"
    },
    "object-component": {
      "version": "0.0.3",
      "from": "object-component@0.0.3",
      "resolved": "https://registry.npmjs.org/object-component/-/object-component-0.0.3.tgz"
    },
    "once": {
      "version": "1.3.3",
      "from": "once@>=1.3.0 <2.0.0",
      "resolved": "https://registry.npmjs.org/once/-/once-1.3.3.tgz"
    },
    "options": {
      "version": "0.0.6",
      "from": "options@>=0.0.5",
      "resolved": "https://registry.npmjs.org/options/-/options-0.0.6.tgz"
    },
    "parse-headers": {
      "version": "2.0.1",
      "from": "parse-headers@>=2.0.0 <3.0.0",
      "resolved": "https://registry.npmjs.org/parse-headers/-/parse-headers-2.0.1.tgz"
    },
    "parsejson": {
      "version": "0.0.1",
      "from": "parsejson@0.0.1",
      "resolved": "https://registry.npmjs.org/parsejson/-/parsejson-0.0.1.tgz"
    },
    "parseqs": {
      "version": "0.0.2",
      "from": "parseqs@0.0.2",
      "resolved": "https://registry.npmjs.org/parseqs/-/parseqs-0.0.2.tgz"
    },
    "parseuri": {
      "version": "0.0.4",
      "from": "parseuri@0.0.4",
      "resolved": "https://registry.npmjs.org/parseuri/-/parseuri-0.0.4.tgz"
    },
    "path-is-absolute": {
      "version": "1.0.0",
      "from": "path-is-absolute@>=1.0.0 <2.0.0",
      "resolved": "https://registry.npmjs.org/path-is-absolute/-/path-is-absolute-1.0.0.tgz"
    },
    "private": {
      "version": "0.1.6",
      "from": "private@>=0.1.6 <0.2.0",
      "resolved": "https://registry.npmjs.org/private/-/private-0.1.6.tgz"
    },
    "process": {
      "version": "0.5.2",
      "from": "process@>=0.5.1 <0.6.0",
      "resolved": "https://registry.npmjs.org/process/-/process-0.5.2.tgz"
    },
    "promise": {
      "version": "7.0.4",
      "from": "promise@7.0.4",
      "resolved": "https://registry.npmjs.org/promise/-/promise-7.0.4.tgz"
    },
    "q": {
      "version": "1.4.1",
      "from": "q@>=1.1.2 <2.0.0",
      "resolved": "https://registry.npmjs.org/q/-/q-1.4.1.tgz"
    },
    "query-string": {
      "version": "3.0.3",
      "from": "query-string@>=3.0.0 <4.0.0",
      "resolved": "https://registry.npmjs.org/query-string/-/query-string-3.0.3.tgz"
    },
    "react": {
      "version": "0.14.8",
      "from": "react@>=0.14.2 <0.15.0",
      "resolved": "https://registry.npmjs.org/react/-/react-0.14.8.tgz"
    },
    "react-bootstrap": {
      "version": "0.28.5",
      "from": "react-bootstrap@>=0.28.2 <0.29.0",
      "resolved": "https://registry.npmjs.org/react-bootstrap/-/react-bootstrap-0.28.5.tgz"
    },
    "react-dom": {
      "version": "0.14.8",
      "from": "react-dom@>=0.14.2 <0.15.0",
      "resolved": "https://registry.npmjs.org/react-dom/-/react-dom-0.14.8.tgz"
    },
    "react-dropzone": {
      "version": "3.5.3",
      "from": "react-dropzone@>=3.3.0 <4.0.0",
      "resolved": "https://registry.npmjs.org/react-dropzone/-/react-dropzone-3.5.3.tgz"
    },
    "react-gemini-scrollbar": {
      "version": "2.1.5",
      "from": "react-gemini-scrollbar@>=2.0.1 <3.0.0",
      "resolved": "https://registry.npmjs.org/react-gemini-scrollbar/-/react-gemini-scrollbar-2.1.5.tgz",
      "dependencies": {
        "gemini-scrollbar": {
          "version": "1.3.2",
          "from": "gemini-scrollbar@>=1.3.0 <1.4.0",
          "resolved": "https://registry.npmjs.org/gemini-scrollbar/-/gemini-scrollbar-1.3.2.tgz"
        }
      }
    },
    "react-lazy-cache": {
      "version": "3.0.1",
      "from": "react-lazy-cache@>=3.0.1 <4.0.0",
      "resolved": "https://registry.npmjs.org/react-lazy-cache/-/react-lazy-cache-3.0.1.tgz"
    },
    "react-overlays": {
      "version": "0.6.6",
      "from": "react-overlays@>=0.6.0 <0.7.0",
      "resolved": "https://registry.npmjs.org/react-overlays/-/react-overlays-0.6.6.tgz",
      "dependencies": {
        "react-prop-types": {
          "version": "0.4.0",
          "from": "react-prop-types@>=0.4.0 <0.5.0",
          "resolved": "https://registry.npmjs.org/react-prop-types/-/react-prop-types-0.4.0.tgz"
        },
        "warning": {
          "version": "3.0.0",
          "from": "warning@>=3.0.0 <4.0.0",
          "resolved": "https://registry.npmjs.org/warning/-/warning-3.0.0.tgz"
        }
      }
    },
    "react-prop-types": {
      "version": "0.3.2",
      "from": "react-prop-types@>=0.3.0 <0.4.0",
      "resolved": "https://registry.npmjs.org/react-prop-types/-/react-prop-types-0.3.2.tgz"
    },
    "react-redux": {
      "version": "4.4.5",
      "from": "react-redux@>=4.0.0 <5.0.0",
      "resolved": "https://registry.npmjs.org/react-redux/-/react-redux-4.4.5.tgz"
    },
    "react-router": {
      "version": "2.6.1",
      "from": "react-router@>=2.0.0 <3.0.0",
      "resolved": "https://registry.npmjs.org/react-router/-/react-router-2.6.1.tgz",
      "dependencies": {
        "warning": {
          "version": "3.0.0",
          "from": "warning@>=3.0.0 <4.0.0",
          "resolved": "https://registry.npmjs.org/warning/-/warning-3.0.0.tgz"
        }
      }
    },
    "react-router-redux": {
      "version": "2.1.0",
      "from": "react-router-redux@>=2.1.0 <3.0.0",
      "resolved": "https://registry.npmjs.org/react-router-redux/-/react-router-redux-2.1.0.tgz"
    },
    "recast": {
      "version": "0.10.43",
      "from": "recast@>=0.10.0 <0.11.0",
      "resolved": "https://registry.npmjs.org/recast/-/recast-0.10.43.tgz",
      "dependencies": {
        "esprima-fb": {
          "version": "15001.1001.0-dev-harmony-fb",
          "from": "esprima-fb@>=15001.1001.0-dev-harmony-fb <15001.1002.0",
          "resolved": "https://registry.npmjs.org/esprima-fb/-/esprima-fb-15001.1001.0-dev-harmony-fb.tgz"
        },
        "source-map": {
          "version": "0.5.6",
          "from": "source-map@>=0.5.0 <0.6.0",
          "resolved": "https://registry.npmjs.org/source-map/-/source-map-0.5.6.tgz"
        }
      }
    },
    "reduce-reducers": {
      "version": "0.1.2",
      "from": "reduce-reducers@>=0.1.0 <0.2.0",
      "resolved": "https://registry.npmjs.org/reduce-reducers/-/reduce-reducers-0.1.2.tgz"
    },
    "redux": {
      "version": "3.5.2",
      "from": "redux@>=3.0.4 <4.0.0",
      "resolved": "https://registry.npmjs.org/redux/-/redux-3.5.2.tgz"
    },
    "redux-actions": {
      "version": "0.8.0",
      "from": "redux-actions@>=0.8.0 <0.9.0",
      "resolved": "https://registry.npmjs.org/redux-actions/-/redux-actions-0.8.0.tgz"
    },
    "redux-form": {
      "version": "4.2.2",
      "from": "redux-form@>=4.1.0 <5.0.0",
      "resolved": "https://registry.npmjs.org/redux-form/-/redux-form-4.2.2.tgz"
    },
    "redux-logger": {
      "version": "2.6.1",
      "from": "redux-logger@>=2.0.4 <3.0.0",
      "resolved": "https://registry.npmjs.org/redux-logger/-/redux-logger-2.6.1.tgz"
    },
    "redux-promise-middleware": {
      "version": "2.4.0",
      "from": "https://registry.npmjs.org/redux-promise-middleware/-/redux-promise-middleware-2.4.0.tgz",
      "resolved": "https://registry.npmjs.org/redux-promise-middleware/-/redux-promise-middleware-2.4.0.tgz"
    },
    "redux-thunk": {
      "version": "1.0.3",
      "from": "redux-thunk@>=1.0.0 <2.0.0",
      "resolved": "https://registry.npmjs.org/redux-thunk/-/redux-thunk-1.0.3.tgz"
    },
    "reselect": {
      "version": "2.5.3",
      "from": "reselect@>=2.0.3 <3.0.0",
      "resolved": "https://registry.npmjs.org/reselect/-/reselect-2.5.3.tgz"
    },
    "rx": {
      "version": "2.5.3",
      "from": "rx@2.5.3",
      "resolved": "https://registry.npmjs.org/rx/-/rx-2.5.3.tgz"
    },
    "socket.io-client": {
      "version": "1.4.8",
      "from": "socket.io-client@>=1.4.8 <2.0.0",
      "resolved": "https://registry.npmjs.org/socket.io-client/-/socket.io-client-1.4.8.tgz"
    },
    "socket.io-parser": {
      "version": "2.2.6",
      "from": "socket.io-parser@2.2.6",
      "resolved": "https://registry.npmjs.org/socket.io-parser/-/socket.io-parser-2.2.6.tgz",
      "dependencies": {
        "component-emitter": {
          "version": "1.1.2",
          "from": "component-emitter@1.1.2",
          "resolved": "https://registry.npmjs.org/component-emitter/-/component-emitter-1.1.2.tgz"
        }
      }
    },
    "source-map": {
      "version": "0.4.4",
      "from": "source-map@>=0.4.2 <0.5.0",
      "resolved": "https://registry.npmjs.org/source-map/-/source-map-0.4.4.tgz"
    },
    "strict-uri-encode": {
      "version": "1.1.0",
      "from": "strict-uri-encode@>=1.0.0 <2.0.0",
      "resolved": "https://registry.npmjs.org/strict-uri-encode/-/strict-uri-encode-1.1.0.tgz"
    },
    "symbol-observable": {
      "version": "0.2.4",
      "from": "symbol-observable@>=0.2.3 <0.3.0",
      "resolved": "https://registry.npmjs.org/symbol-observable/-/symbol-observable-0.2.4.tgz"
    },
    "through": {
      "version": "2.3.8",
      "from": "through@>=2.3.4 <2.4.0",
      "resolved": "https://registry.npmjs.org/through/-/through-2.3.8.tgz"
    },
    "to-array": {
      "version": "0.1.4",
      "from": "to-array@0.1.4",
      "resolved": "https://registry.npmjs.org/to-array/-/to-array-0.1.4.tgz"
    },
    "trim": {
      "version": "0.0.1",
      "from": "trim@0.0.1",
      "resolved": "https://registry.npmjs.org/trim/-/trim-0.0.1.tgz"
    },
    "ua-parser-js": {
      "version": "0.7.10",
      "from": "ua-parser-js@>=0.7.9 <0.8.0",
      "resolved": "https://registry.npmjs.org/ua-parser-js/-/ua-parser-js-0.7.10.tgz"
    },
    "ultron": {
      "version": "1.0.2",
      "from": "ultron@>=1.0.0 <1.1.0",
      "resolved": "https://registry.npmjs.org/ultron/-/ultron-1.0.2.tgz"
    },
    "uncontrollable": {
      "version": "3.3.1",
      "from": "uncontrollable@>=3.1.3 <4.0.0",
      "resolved": "https://registry.npmjs.org/uncontrollable/-/uncontrollable-3.3.1.tgz"
    },
    "utf8": {
      "version": "2.1.0",
      "from": "utf8@2.1.0",
      "resolved": "https://registry.npmjs.org/utf8/-/utf8-2.1.0.tgz"
    },
    "validate.js": {
      "version": "0.9.0",
      "from": "validate.js@>=0.9.0 <0.10.0",
      "resolved": "https://registry.npmjs.org/validate.js/-/validate.js-0.9.0.tgz"
    },
    "warning": {
      "version": "2.1.0",
      "from": "warning@>=2.1.0 <3.0.0",
      "resolved": "https://registry.npmjs.org/warning/-/warning-2.1.0.tgz"
    },
    "whatwg-fetch": {
      "version": "0.9.0",
      "from": "whatwg-fetch@>=0.9.0 <0.10.0",
      "resolved": "https://registry.npmjs.org/whatwg-fetch/-/whatwg-fetch-0.9.0.tgz"
    },
    "wrappy": {
      "version": "1.0.2",
      "from": "wrappy@>=1.0.0 <2.0.0",
      "resolved": "https://registry.npmjs.org/wrappy/-/wrappy-1.0.2.tgz"
    },
    "ws": {
      "version": "1.0.1",
      "from": "ws@1.0.1",
      "resolved": "https://registry.npmjs.org/ws/-/ws-1.0.1.tgz"
    },
    "xhr": {
      "version": "2.2.2",
      "from": "xhr@>=2.2.0 <3.0.0",
      "resolved": "https://registry.npmjs.org/xhr/-/xhr-2.2.2.tgz"
    },
    "xmlhttprequest": {
      "version": "1.8.0",
      "from": "xmlhttprequest@>=1.7.0 <2.0.0",
      "resolved": "https://registry.npmjs.org/xmlhttprequest/-/xmlhttprequest-1.8.0.tgz"
    },
    "xmlhttprequest-ssl": {
      "version": "1.5.1",
      "from": "xmlhttprequest-ssl@1.5.1",
      "resolved": "https://registry.npmjs.org/xmlhttprequest-ssl/-/xmlhttprequest-ssl-1.5.1.tgz"
    },
    "xtend": {
      "version": "4.0.1",
      "from": "xtend@>=4.0.0 <5.0.0",
      "resolved": "https://registry.npmjs.org/xtend/-/xtend-4.0.1.tgz"
    },
    "yeast": {
      "version": "0.1.2",
      "from": "yeast@0.1.2",
      "resolved": "https://registry.npmjs.org/yeast/-/yeast-0.1.2.tgz"
    }
  }
}
